# THIS IS AN AUTOGENERATED FILE. DO NOT EDIT THIS FILE DIRECTLY.
# yarn lockfile v1


bootstrap-scss@^4.6.1:
  version "4.6.1"
  resolved "https://registry.yarnpkg.com/bootstrap-scss/-/bootstrap-scss-4.6.1.tgz#cc4767480b43dd8910e73343ab17c2f77930b4e4"
  integrity sha512-8rAYXcuOUAr5SAGM0omZa9wefBR0hZMUVfcbZCCvW+Sm5nSRgI/qMEbb+oWdocwcoX9PYV1yoP722Yp5OEJlnw==
